github.com/BurntSushi/toml v0.2.1-0.20160426202516-f0aeabca5a12 h1:8dFVzWNyce4k1Zmpd4a0HgqdYpd2o8jOqn2BRAnBHI0=
github.com/BurntSushi/toml v0.2.1-0.20160426202516-f0aeabca5a12/go.mod h1:xHWCNGjB5oqiDr8zfno3MHue2Ht5sIBksp03qcyfWMU=
github.com/adrianduke/configr v0.3.0 h1:tiIww7wct8olmFPvB1OMXHDawVFqZwpTlNl4XP/pXPs=
github.com/adrianduke/configr v0.3.0/go.mod h1:FZrs4xkh9eNRIfdfWoIzaei+wxawqwHV9X0Dtew5vCE=
github.com/astaxie/beego v1.6.2-0.20160323090540-88c5dfa6ead4 h1:4Ny/KaOdSaHOxfHF7NAQmsSBBskHr2V+PsODn9Gd+vA=
github.com/astaxie/beego v1.6.2-0.20160323090540-88c5dfa6ead4/go.mod h1:0R4++1tUqERR0WYFWdfkcrsyoVBCG4DgpDGokT3yb+U=
github.com/disintegration/imaging v0.0.0-20160228073435-d8bbae1de109 h1:SR8+9H4plcUP++sH6VFzgl9jQ0ggmgwR0Ch9QepB2N4=
github.com/disintegration/imaging v0.0.0-20160228073435-d8bbae1de109/go.mod h1:9B/deIUIrliYkyMTuXJd6OUFLcrZ2tf+3Qlwnaf/CjU=
github.com/go-sql-driver/mysql v1.2.1-0.20160411075031-7ebe0a500653 h1:3Ur84RN/+9zMun3HiR7OLQMANHih5/am+0B8eiRg1xg=
github.com/go-sql-driver/mysql v1.2.1-0.20160411075031-7ebe0a500653/go.mod h1:zAC/RDZ24gD3HViQzih4MyKcchzm+sOG5ZlKdlhCg5w=
github.com/jinzhu/gorm v0.0.0-20160522111033-27522453dea2 h1:NTQxxfNhE0BzpOLsO/FcfKWM6/HRp5DJKJMNb+mhVAY=
github.com/jinzhu/gorm v0.0.0-20160522111033-27522453dea2/go.mod h1:Vla75njaFJ8clLU1W44h34PjIkijhjHIYnZxMqCdxqo=
github.com/jinzhu/inflection v0.0.0-20151009084129-3272df6c21d0 h1:+boKnC0mZ4voXeGF5Qy5Hyx4A17u59wSv42zjTZdxTQ=
github.com/jinzhu/inflection v0.0.0-20151009084129-3272df6c21d0/go.mod h1:h+uFLlag+Qp1Va5pdKtLDYj+kHp5pxUVkryuEj+Srlc=
github.com/jinzhu/now v0.0.0-20151001141511-ce80572eb55a h1:E3/FQGI4lCWmMwCgJCQzE9bYVKOLzAc4jqK8DnL02Ow=
github.com/jinzhu/now v0.0.0-20151001141511-ce80572eb55a/go.mod h1:oHTiXerJ20+SfYcrdlBO7rzZRJWGwSTQ0iUY2jI6Gfc=
github.com/mattn/go-sqlite3 v1.1.1-0.20160514122348-38ee283dabf1 h1:h808yN0vzMNyekOZGLRM3OiB8BBLgNqE180rKydRh8U=
github.com/mattn/go-sqlite3 v1.1.1-0.20160514122348-38ee283dabf1/go.mod h1:FPy6KqzDD04eiIsT53CuJW3U88zkxoIYsOqkbpncsNc=
github.com/microcosm-cc/bluemonday v0.0.0-20151102182000-4ac6f27528d0 h1:8F2IalCva9gskUNUpvRUdX00lWyuIoR48Paavtbm+xs=
github.com/microcosm-cc/bluemonday v0.0.0-20151102182000-4ac6f27528d0/go.mod h1:hsXNsILzKxV+sX77C5b8FSuKF00vh2OMYv+xgHpAMF4=
github.com/qor/admin v0.0.0-20160421090522-a5c271dab279 h1:VYJAlibBZwx5Q4MsRx8/+CAZQS9iqAMsL3fZYm2CpmI=
github.com/qor/admin v0.0.0-20160421090522-a5c271dab279/go.mod h1:Sm5kX+Hkq1LKiFyqZJLnncUg8dWM/2roOEiy98NOUzA=
github.com/qor/cache v0.0.0-20160418072930-e04154acb5d9 h1:EO8gXXogvkdwdhcJ26uQWh5Q0M1LT6DZ0QJP9ret9gk=
github.com/qor/cache v0.0.0-20160418072930-e04154acb5d9/go.mod h1:DvjFc9BNYPuokuaZVaXvVukLqqkYDlToNC+Gszv3oRs=
github.com/qor/i18n v0.0.0-20160422040459-67fce8c8083a h1:jmIkEeP76Z3wrcZPZTGeY1JxK1x4/wZP3vueEBxXqWo=
github.com/qor/i18n v0.0.0-20160422040459-67fce8c8083a/go.mod h1:J1gDK288kgSz1oIV9MgV0JmL6pxtXxL/tN7MvCJB3V4=
github.com/qor/media_library v0.0.0-20160421101814-1d6df1beadc6 h1:YDVYN58SgnpJxWpclkXW3F0TVemWRWYUqUTjsLlsrkE=
github.com/qor/media_library v0.0.0-20160421101814-1d6df1beadc6/go.mod h1:NtpQ+QQLe6qKWSxhK+uzlrcM6OK/ut8wE6CCZzmCh/Y=
github.com/qor/publish v0.0.0-20160318061517-e32525becf49 h1:lJO7IOWw8RVQ53rVoC4QEOsCoQQ1EWy+rjDu2kXHPj4=
github.com/qor/publish v0.0.0-20160318061517-e32525becf49/go.mod h1:rsJ6QTqNLOPY3xaWmphqPkMqqbBPS8pAwkJWY+t5XHg=
github.com/qor/qor v0.0.0-20160425064423-f61ebebbd39d h1:sTX6lvMTCMXsFSK0zPpYOxAAIy+2uiDsMijlY7+KfEc=
github.com/qor/qor v0.0.0-20160425064423-f61ebebbd39d/go.mod h1:oG+LgDEnsI9avcFFdczoZnBe3rw42s4cG433w6XpEig=
github.com/qor/responder v0.0.0-20160314063933-ecae0be66c1a h1:g77aB9KGnuMC2kNSUWO2KN8k2RzgbI0HqOvWA+AlKX8=
github.com/qor/responder v0.0.0-20160314063933-ecae0be66c1a/go.mod h1:0TL2G+qGDYhHJ6XIJ6UcqkZVN+jp8AGqGU2wDnv2qas=
github.com/qor/roles v0.0.0-20160308041631-f1e056947345 h1:3dudiRBBqZwrbAHnnC8KoSq8aYfxNrsxhKxeSJQUHLE=
github.com/qor/roles v0.0.0-20160308041631-f1e056947345/go.mod h1:++RicL9Ia/BrQHppwAsMc5CA7mAjnBLNniB46MzUteA=
github.com/qor/serializable_meta v0.0.0-20160314063917-eea3296fff71 h1:+w88ApKOyF893ND9nlhouqj/JIYX70MXu8kx4mx28+E=
github.com/qor/serializable_meta v0.0.0-20160314063917-eea3296fff71/go.mod h1:ZhRkze6qCgCNNqisHEFTAkndoBtY/XJbA03LJLJrzDY=
github.com/qor/sorting v0.0.0-20160317105423-1b2d20f88789 h1:n3atbwJ4+FF4fy4uHikafWWAuJdfLwB9Ft5AQJwZuQA=
github.com/qor/sorting v0.0.0-20160317105423-1b2d20f88789/go.mod h1:emSfh69iWRzX3dyZKSnITJYOCG24CHfDLyxfgoHA4Qc=
github.com/qor/validations v0.0.0-20160314064242-87c1296c75e7 h1:wqWqTO4PHQMNEa40fA391NUUr703c6BVGuRb6Rq8aHA=
github.com/qor/validations v0.0.0-20160314064242-87c1296c75e7/go.mod h1:UJsA0AuvrKNaWtrb1UzKai10mN3ZBbQkPjUHpxwahTc=
github.com/spf13/cast v0.0.0-20160314192028-27b586b42e29 h1:Lgc6pP3ludnufG3ehP2WboB0IIKxlizm8NvXsI0/Z58=
github.com/spf13/cast v0.0.0-20160314192028-27b586b42e29/go.mod h1:r2rcYCSwa1IExKTDiTfzaxqT2FNHs8hODu4LnUfgKEg=
github.com/spf13/jwalterweatherman v0.0.0-20160311093646-33c24e77fb80 h1:evyGXhHMrxKBDkdlSPv9HMWV2o53o+Ibhm28BGc0450=
github.com/spf13/jwalterweatherman v0.0.0-20160311093646-33c24e77fb80/go.mod h1:cQK4TGJAtQXfYWX+Ddv3mKDzgVb68N+wFjFa4jdeBTo=
github.com/theplant/cldr v0.0.0-20160322032732-64729303fab2 h1:7AF7LhMYWcZSTzxbl4oSmzpGwZdBiZsVIEMQ62rNscA=
github.com/theplant/cldr v0.0.0-20160322032732-64729303fab2/go.mod h1:MIL7SmF8wRAYDn+JexczVRUiJXTCi4VbQavsCKWKwXI=
golang.org/x/crypto v0.0.0-20190308221718-c2843e01d9a2/go.mod h1:djNgcEr1/C05ACkg1iLfiJU5Ep61QUkGW8qpdssI0+w=
golang.org/x/crypto v0.0.0-20200622213623-75b288015ac9/go.mod h1:LzIPMQfyMNhhGPhUkYOs5KpL4U8rLKemX1yGLhDgUto=
golang.org/x/image v0.0.0-20200801110659-972c09e46d76 h1:U7GPaoQyQmX+CBRWXKrvRzWTbd+slqeSh8uARsIyhAw=
golang.org/x/image v0.0.0-20200801110659-972c09e46d76/go.mod h1:FeLwcggjj3mMvU+oOTbSwawSJRM1uh48EjtB4UJZlP0=
golang.org/x/net v0.0.0-20190404232315-eb5bcb51f2a3/go.mod h1:t9HGtf8HONx5eT2rtn7q6eTqICYqUVnKs3thJo3Qplg=
golang.org/x/net v0.0.0-20200904194848-62affa334b73 h1:MXfv8rhZWmFeqX3GNZRsd6vOLoaCHjYEX3qkRo3YBUA=
golang.org/x/net v0.0.0-20200904194848-62affa334b73/go.mod h1:/O7V0waA8r7cgGh81Ro3o1hOxt32SMVPicZroKQ2sZA=
golang.org/x/sys v0.0.0-20190215142949-d0b11bdaac8a/go.mod h1:STP8DvDyc/dI5b8T5hshtkjS+E42TnysNCUPdjciGhY=
golang.org/x/sys v0.0.0-20190412213103-97732733099d/go.mod h1:h1NjWce9XRLGQEsW7wpKNCjG9DtNlClVuFLEZdDNbEs=
golang.org/x/sys v0.0.0-20200323222414-85ca7c5b95cd/go.mod h1:h1NjWce9XRLGQEsW7wpKNCjG9DtNlClVuFLEZdDNbEs=
golang.org/x/text v0.3.0/go.mod h1:NqM8EUOU14njkJ3fqMW+pc6Ldnwhi/IjpwHt7yyuwOQ=
